{
  "nodes": {
    "fenix": {
      "inputs": {
        "nixpkgs": [
          "nixpkgs"
        ],
        "rust-analyzer-src": "rust-analyzer-src"
      },
      "locked": {
        "lastModified": 1635747862,
        "narHash": "sha256-Y6nDsnyEglycksieGk979caz36AYCH9/d9pYI4yTd6g=",
        "owner": "nix-community",
        "repo": "fenix",
        "rev": "298aca6fd98113c3d16d8283c436cafac9269e83",
        "type": "github"
      },
      "original": {
        "owner": "nix-community",
        "repo": "fenix",
        "type": "github"
      }
    },
    "flake-compat": {
      "flake": false,
      "locked": {
        "lastModified": 1627913399,
        "narHash": "sha256-hY8g6H2KFL8ownSiFeMOjwPC8P0ueXpCVEbxgda3pko=",
        "owner": "edolstra",
        "repo": "flake-compat",
        "rev": "12c64ca55c1014cdc1b16ed5a804aa8576601ff2",
        "type": "github"
      },
      "original": {
        "owner": "edolstra",
        "repo": "flake-compat",
        "type": "github"
      }
    },
    "flake-compat-ci": {
      "locked": {
        "lastModified": 1629629549,
        "narHash": "sha256-c6Hipyp52MZ2pTFXEIRdcLK2rtKt9jggCQ7ZOgBS44k=",
        "owner": "hercules-ci",
        "repo": "flake-compat-ci",
        "rev": "ef10daf1cb1823086ed547d39806aaca4c53cc17",
        "type": "github"
      },
      "original": {
        "owner": "hercules-ci",
        "repo": "flake-compat-ci",
        "type": "github"
      }
    },
    "flake-compat-ci_2": {
      "locked": {
        "lastModified": 1629629549,
        "narHash": "sha256-c6Hipyp52MZ2pTFXEIRdcLK2rtKt9jggCQ7ZOgBS44k=",
        "owner": "hercules-ci",
        "repo": "flake-compat-ci",
        "rev": "ef10daf1cb1823086ed547d39806aaca4c53cc17",
        "type": "github"
      },
      "original": {
        "owner": "hercules-ci",
        "repo": "flake-compat-ci",
        "type": "github"
      }
    },
    "flake-compat_2": {
      "flake": false,
      "locked": {
        "lastModified": 1627913399,
        "narHash": "sha256-hY8g6H2KFL8ownSiFeMOjwPC8P0ueXpCVEbxgda3pko=",
        "owner": "edolstra",
        "repo": "flake-compat",
        "rev": "12c64ca55c1014cdc1b16ed5a804aa8576601ff2",
        "type": "github"
      },
      "original": {
        "owner": "edolstra",
        "repo": "flake-compat",
        "type": "github"
      }
    },
    "flake-compat_3": {
      "flake": false,
      "locked": {
        "lastModified": 1627913399,
        "narHash": "sha256-hY8g6H2KFL8ownSiFeMOjwPC8P0ueXpCVEbxgda3pko=",
        "owner": "edolstra",
        "repo": "flake-compat",
        "rev": "12c64ca55c1014cdc1b16ed5a804aa8576601ff2",
        "type": "github"
      },
      "original": {
        "owner": "edolstra",
        "repo": "flake-compat",
        "type": "github"
      }
    },
    "flake-utils": {
      "locked": {
        "lastModified": 1634851050,
        "narHash": "sha256-N83GlSGPJJdcqhUxSCS/WwW5pksYf3VP1M13cDRTSVA=",
        "owner": "numtide",
        "repo": "flake-utils",
        "rev": "c91f3de5adaf1de973b797ef7485e441a65b8935",
        "type": "github"
      },
      "original": {
        "owner": "numtide",
        "repo": "flake-utils",
        "type": "github"
      }
    },
    "flake-utils_2": {
      "locked": {
        "lastModified": 1629481132,
        "narHash": "sha256-JHgasjPR0/J1J3DRm4KxM4zTyAj4IOJY8vIl75v/kPI=",
        "owner": "numtide",
        "repo": "flake-utils",
        "rev": "997f7efcb746a9c140ce1f13c72263189225f482",
        "type": "github"
      },
      "original": {
        "owner": "numtide",
        "repo": "flake-utils",
        "type": "github"
      }
    },
    "flake-utils_3": {
      "locked": {
        "lastModified": 1634851050,
        "narHash": "sha256-N83GlSGPJJdcqhUxSCS/WwW5pksYf3VP1M13cDRTSVA=",
        "owner": "numtide",
        "repo": "flake-utils",
        "rev": "c91f3de5adaf1de973b797ef7485e441a65b8935",
        "type": "github"
      },
      "original": {
        "owner": "numtide",
        "repo": "flake-utils",
        "type": "github"
      }
    },
    "home-manager": {
      "inputs": {
        "nixpkgs": "nixpkgs"
      },
      "locked": {
        "lastModified": 1635794849,
        "narHash": "sha256-ZdjgrDn7hcQLDsAEOQg862srVcWleBX8Miz0GpLTs9M=",
        "owner": "nix-community",
        "repo": "home-manager",
        "rev": "7523252f97bff5d39de47fb2b112f2039d1218a3",
        "type": "github"
      },
      "original": {
        "owner": "nix-community",
        "repo": "home-manager",
        "type": "github"
      }
    },
    "megu-nixpkgs": {
      "inputs": {
        "flake-compat": "flake-compat",
        "flake-compat-ci": "flake-compat-ci",
        "flake-utils": "flake-utils",
        "nixpkgs": "nixpkgs_2"
      },
      "locked": {
        "lastModified": 1635734120,
        "narHash": "sha256-LkhNhkw/JDGpLtMWCY+SNdLkflmItXaZRegep7f7QeI=",
        "owner": "meguminloli",
        "repo": "megu-nixpkgs",
        "rev": "63b3a36ecdb8a3dd31754726e7404fc9b999f8c8",
        "type": "github"
      },
      "original": {
        "owner": "meguminloli",
        "repo": "megu-nixpkgs",
        "type": "github"
      }
    },
    "neovim-flake": {
      "inputs": {
        "flake-utils": "flake-utils_2",
        "nixpkgs": [
          "neovim-nightly-overlay",
          "nixpkgs"
        ]
      },
      "locked": {
        "dir": "contrib",
        "lastModified": 1635725709,
        "narHash": "sha256-ynI6DwH8aC8CHgFzJLc2N6RtFWDfLhKPMY309UHXCDs=",
        "owner": "neovim",
        "repo": "neovim",
        "rev": "7ae86c1d4caffec57e2d4d44e40a9feba91d96dd",
        "type": "github"
      },
      "original": {
        "dir": "contrib",
        "owner": "neovim",
        "repo": "neovim",
        "type": "github"
      }
    },
    "neovim-nightly-overlay": {
      "inputs": {
        "flake-compat": "flake-compat_2",
        "neovim-flake": "neovim-flake",
        "nixpkgs": "nixpkgs_3"
      },
      "locked": {
        "lastModified": 1635754422,
        "narHash": "sha256-m5WF3k50dU5uXRTXJnWylfylDChc9yW8CtvqujD7/sw=",
        "owner": "nix-community",
        "repo": "neovim-nightly-overlay",
        "rev": "d82802aba7f9e1e29cfe16605f5373e92ef3bdbd",
        "type": "github"
      },
      "original": {
        "owner": "nix-community",
        "repo": "neovim-nightly-overlay",
        "type": "github"
      }
    },
    "nix-fonts": {
      "inputs": {
        "flake-compat": "flake-compat_3",
        "flake-compat-ci": "flake-compat-ci_2",
        "flake-utils": "flake-utils_3",
        "nixpkgs": "nixpkgs_4"
      },
      "locked": {
        "lastModified": 1635735153,
        "narHash": "sha256-golnE3iqdssBnLZgYRhk12pmt8SyQPBkeRGDMfHbhCw=",
        "owner": "impostersussy",
        "repo": "nix-fonts",
        "rev": "e16f8ed43fc2a12815a7e1f16f857c8b46eb1bb1",
        "type": "github"
      },
      "original": {
        "owner": "impostersussy",
        "repo": "nix-fonts",
        "type": "github"
      }
    },
    "nixpkgs": {
      "locked": {
        "lastModified": 1635798398,
        "narHash": "sha256-hEVfLo5b2GIsBcaNzsQvMzzgZLTsCd9AA3U++iILyNI=",
        "owner": "NixOS",
        "repo": "nixpkgs",
        "rev": "6204fa6c7a71ad915dd603ff522c3a8280028105",
        "type": "github"
      },
      "original": {
        "id": "nixpkgs",
        "type": "indirect"
      }
    },
    "nixpkgs_2": {
      "locked": {
        "lastModified": 1635660751,
        "narHash": "sha256-A4M5R66gofcB3Qh8yLpp04Qv7hKqFLXZiILUxD+Z7S0=",
        "owner": "NixOS",
        "repo": "nixpkgs",
        "rev": "9303cc044586dd40599233454f1fd79176584c0f",
        "type": "github"
      },
      "original": {
        "owner": "NixOS",
        "ref": "nixpkgs-unstable",
        "repo": "nixpkgs",
        "type": "github"
      }
    },
    "nixpkgs_3": {
      "locked": {
        "lastModified": 1635403963,
        "narHash": "sha256-0actzfzBAXvvDJ/EvPSGbtCPXUwSObQrcq0RpsPWZgA=",
        "owner": "nixos",
        "repo": "nixpkgs",
        "rev": "2deb07f3ac4eeb5de1c12c4ba2911a2eb1f6ed61",
        "type": "github"
      },
      "original": {
        "owner": "nixos",
        "ref": "nixos-unstable",
        "repo": "nixpkgs",
        "type": "github"
      }
    },
    "nixpkgs_4": {
      "locked": {
        "lastModified": 1635692288,
        "narHash": "sha256-beTboPyyVu52lmIagpETGhUVLwoQzpwd191z7Fm/m6c=",
        "owner": "NixOS",
        "repo": "nixpkgs",
        "rev": "64e6b57f3d7d9e215436f0dd1c9024db766cf637",
        "type": "github"
      },
      "original": {
        "owner": "NixOS",
        "ref": "nixpkgs-unstable",
        "repo": "nixpkgs",
        "type": "github"
      }
    },
    "nixpkgs_5": {
      "locked": {
        "lastModified": 1635403963,
        "narHash": "sha256-0actzfzBAXvvDJ/EvPSGbtCPXUwSObQrcq0RpsPWZgA=",
        "owner": "NixOS",
        "repo": "nixpkgs",
        "rev": "2deb07f3ac4eeb5de1c12c4ba2911a2eb1f6ed61",
        "type": "github"
      },
      "original": {
        "owner": "NixOS",
        "ref": "nixos-unstable",
        "repo": "nixpkgs",
        "type": "github"
      }
    },
    "root": {
      "inputs": {
        "fenix": "fenix",
        "home-manager": "home-manager",
        "megu-nixpkgs": "megu-nixpkgs",
        "neovim-nightly-overlay": "neovim-nightly-overlay",
        "nix-fonts": "nix-fonts",
        "nixpkgs": "nixpkgs_5"
      }
    },
    "rust-analyzer-src": {
      "flake": false,
      "locked": {
        "lastModified": 1635675419,
        "narHash": "sha256-tLd3Wo4uVgGpNS8BkIlr6PZmyX7vToJyfEElr9ICV4c=",
        "owner": "rust-analyzer",
        "repo": "rust-analyzer",
        "rev": "04f03a360ab8fef3d9c0ff84de2d39b8a196c717",
        "type": "github"
      },
      "original": {
        "owner": "rust-analyzer",
        "ref": "nightly",
        "repo": "rust-analyzer",
        "type": "github"
      }
    }
  },
  "root": "root",
  "version": 7
}
